
Microsoft Visual Studio Solution File, Format Version 12.00
# Visual Studio 14
VisualStudioVersion = 14.0.25420.1
MinimumVisualStudioVersion = 10.0.40219.1
Project("{2150E333-8FDC-42A3-9474-1A3956D46DE8}") = "src", "src", "{CCA01995-1B7B-4370-B989-176AB495FE1E}"
EndProject
Project("{2150E333-8FDC-42A3-9474-1A3956D46DE8}") = "test", "test", "{D322F699-973E-4D41-AF47-EAC098AD2509}"
EndProject
Project("{8BB2217D-0F2D-49D1-97BC-3654ED321F3B}") = "MindSung.HyperState", "src\MindSung.HyperState\MindSung.HyperState.xproj", "{22C44C55-1D52-4A6F-8968-D1C1537B86D1}"
EndProject
Project("{8BB2217D-0F2D-49D1-97BC-3654ED321F3B}") = "MindSung.HyperState.AspNetCore", "src\MindSung.HyperState.AspNetCore\MindSung.HyperState.AspNetCore.xproj", "{2774DDE4-759E-4E31-947D-694E7625D201}"
EndProject
Project("{8BB2217D-0F2D-49D1-97BC-3654ED321F3B}") = "MindSung.Test.HyperState.WebApi", "test\MindSung.Test.HyperState.WebApi\MindSung.Test.HyperState.WebApi.xproj", "{B249AC56-28E6-41DE-B6C6-E09FEAF3BB44}"
EndProject
Project("{8BB2217D-0F2D-49D1-97BC-3654ED321F3B}") = "MindSung.Caching", "..\Caching\src\MindSung.Caching\MindSung.Caching.xproj", "{DE3B1184-23F3-45FD-9C12-FA9D2ACD9AB9}"
EndProject
Global
	GlobalSection(SolutionConfigurationPlatforms) = preSolution
		Debug|Any CPU = Debug|Any CPU
		Release|Any CPU = Release|Any CPU
	EndGlobalSection
	GlobalSection(ProjectConfigurationPlatforms) = postSolution
		{22C44C55-1D52-4A6F-8968-D1C1537B86D1}.Debug|Any CPU.ActiveCfg = Debug|Any CPU
		{22C44C55-1D52-4A6F-8968-D1C1537B86D1}.Debug|Any CPU.Build.0 = Debug|Any CPU
		{22C44C55-1D52-4A6F-8968-D1C1537B86D1}.Release|Any CPU.ActiveCfg = Release|Any CPU
		{22C44C55-1D52-4A6F-8968-D1C1537B86D1}.Release|Any CPU.Build.0 = Release|Any CPU
		{2774DDE4-759E-4E31-947D-694E7625D201}.Debug|Any CPU.ActiveCfg = Debug|Any CPU
		{2774DDE4-759E-4E31-947D-694E7625D201}.Debug|Any CPU.Build.0 = Debug|Any CPU
		{2774DDE4-759E-4E31-947D-694E7625D201}.Release|Any CPU.ActiveCfg = Release|Any CPU
		{2774DDE4-759E-4E31-947D-694E7625D201}.Release|Any CPU.Build.0 = Release|Any CPU
		{B249AC56-28E6-41DE-B6C6-E09FEAF3BB44}.Debug|Any CPU.ActiveCfg = Debug|Any CPU
		{B249AC56-28E6-41DE-B6C6-E09FEAF3BB44}.Debug|Any CPU.Build.0 = Debug|Any CPU
		{B249AC56-28E6-41DE-B6C6-E09FEAF3BB44}.Release|Any CPU.ActiveCfg = Release|Any CPU
		{B249AC56-28E6-41DE-B6C6-E09FEAF3BB44}.Release|Any CPU.Build.0 = Release|Any CPU
		{DE3B1184-23F3-45FD-9C12-FA9D2ACD9AB9}.Debug|Any CPU.ActiveCfg = Debug|Any CPU
		{DE3B1184-23F3-45FD-9C12-FA9D2ACD9AB9}.Debug|Any CPU.Build.0 = Debug|Any CPU
		{DE3B1184-23F3-45FD-9C12-FA9D2ACD9AB9}.Release|Any CPU.ActiveCfg = Release|Any CPU
		{DE3B1184-23F3-45FD-9C12-FA9D2ACD9AB9}.Release|Any CPU.Build.0 = Release|Any CPU
	EndGlobalSection
	GlobalSection(SolutionProperties) = preSolution
		HideSolutionNode = FALSE
	EndGlobalSection
	GlobalSection(NestedProjects) = preSolution
		{22C44C55-1D52-4A6F-8968-D1C1537B86D1} = {CCA01995-1B7B-4370-B989-176AB495FE1E}
		{2774DDE4-759E-4E31-947D-694E7625D201} = {CCA01995-1B7B-4370-B989-176AB495FE1E}
		{B249AC56-28E6-41DE-B6C6-E09FEAF3BB44} = {D322F699-973E-4D41-AF47-EAC098AD2509}
	EndGlobalSection
EndGlobal
